// !$*UTF8*$!
{
	archiveVersion = 1;
	classes = {
	};
	objectVersion = 46;
	objects = {

/* Begin PBXBuildFile section */
		14BEF643134CAE5200AD4F11 /* UIKit.framework in Frameworks */ = {isa = PBXBuildFile; fileRef = 14BEF642134CAE5200AD4F11 /* UIKit.framework */; };
		14BEF645134CAE5200AD4F11 /* Foundation.framework in Frameworks */ = {isa = PBXBuildFile; fileRef = 14BEF644134CAE5200AD4F11 /* Foundation.framework */; };
		14BEF647134CAE5200AD4F11 /* CoreGraphics.framework in Frameworks */ = {isa = PBXBuildFile; fileRef = 14BEF646134CAE5200AD4F11 /* CoreGraphics.framework */; };
		14BEF64D134CAE5200AD4F11 /* InfoPlist.strings in Resources */ = {isa = PBXBuildFile; fileRef = 14BEF64B134CAE5200AD4F11 /* InfoPlist.strings */; };
		14BEF650134CAE5200AD4F11 /* main.m in Sources */ = {isa = PBXBuildFile; fileRef = 14BEF64F134CAE5200AD4F11 /* main.m */; };
		14BEF653134CAE5200AD4F11 /* GridAppDelegate.m in Sources */ = {isa = PBXBuildFile; fileRef = 14BEF652134CAE5200AD4F11 /* GridAppDelegate.m */; };
		14BEF656134CAE5200AD4F11 /* MainWindow.xib in Resources */ = {isa = PBXBuildFile; fileRef = 14BEF654134CAE5200AD4F11 /* MainWindow.xib */; };
		14BEF659134CAE5200AD4F11 /* RootViewController.m in Sources */ = {isa = PBXBuildFile; fileRef = 14BEF658134CAE5200AD4F11 /* RootViewController.m */; };
		14BEF65C134CAE5200AD4F11 /* RootViewController.xib in Resources */ = {isa = PBXBuildFile; fileRef = 14BEF65A134CAE5200AD4F11 /* RootViewController.xib */; };
		14BEF664134CAE8800AD4F11 /* GridTableViewCell.m in Sources */ = {isa = PBXBuildFile; fileRef = 14BEF663134CAE8800AD4F11 /* GridTableViewCell.m */; };
/* End PBXBuildFile section */

/* Begin PBXFileReference section */
		14BEF63E134CAE5200AD4F11 /* Grid.app */ = {isa = PBXFileReference; explicitFileType = wrapper.application; includeInIndex = 0; path = Grid.app; sourceTree = BUILT_PRODUCTS_DIR; };
		14BEF642134CAE5200AD4F11 /* UIKit.framework */ = {isa = PBXFileReference; lastKnownFileType = wrapper.framework; name = UIKit.framework; path = System/Library/Frameworks/UIKit.framework; sourceTree = SDKROOT; };
		14BEF644134CAE5200AD4F11 /* Foundation.framework */ = {isa = PBXFileReference; lastKnownFileType = wrapper.framework; name = Foundation.framework; path = System/Library/Frameworks/Foundation.framework; sourceTree = SDKROOT; };
		14BEF646134CAE5200AD4F11 /* CoreGraphics.framework */ = {isa = PBXFileReference; lastKnownFileType = wrapper.framework; name = CoreGraphics.framework; path = System/Library/Frameworks/CoreGraphics.framework; sourceTree = SDKROOT; };
		14BEF64A134CAE5200AD4F11 /* Grid-Info.plist */ = {isa = PBXFileReference; lastKnownFileType = text.plist.xml; path = "Grid-Info.plist"; sourceTree = "<group>"; };
		14BEF64C134CAE5200AD4F11 /* en */ = {isa = PBXFileReference; lastKnownFileType = text.plist.strings; name = en; path = en.lproj/InfoPlist.strings; sourceTree = "<group>"; };
		14BEF64E134CAE5200AD4F11 /* Grid-Prefix.pch */ = {isa = PBXFileReference; lastKnownFileType = sourcecode.c.h; path = "Grid-Prefix.pch"; sourceTree = "<group>"; };
		14BEF64F134CAE5200AD4F11 /* main.m */ = {isa = PBXFileReference; lastKnownFileType = sourcecode.c.objc; path = main.m; sourceTree = "<group>"; };
		14BEF651134CAE5200AD4F11 /* GridAppDelegate.h */ = {isa = PBXFileReference; lastKnownFileType = sourcecode.c.h; path = GridAppDelegate.h; sourceTree = "<group>"; };
		14BEF652134CAE5200AD4F11 /* GridAppDelegate.m */ = {isa = PBXFileReference; lastKnownFileType = sourcecode.c.objc; path = GridAppDelegate.m; sourceTree = "<group>"; };
		14BEF655134CAE5200AD4F11 /* en */ = {isa = PBXFileReference; lastKnownFileType = file.xib; name = en; path = en.lproj/MainWindow.xib; sourceTree = "<group>"; };
		14BEF657134CAE5200AD4F11 /* RootViewController.h */ = {isa = PBXFileReference; lastKnownFileType = sourcecode.c.h; path = RootViewController.h; sourceTree = "<group>"; };
		14BEF658134CAE5200AD4F11 /* RootViewController.m */ = {isa = PBXFileReference; lastKnownFileType = sourcecode.c.objc; path = RootViewController.m; sourceTree = "<group>"; };
		14BEF65B134CAE5200AD4F11 /* en */ = {isa = PBXFileReference; lastKnownFileType = file.xib; name = en; path = en.lproj/RootViewController.xib; sourceTree = "<group>"; };
		14BEF662134CAE8800AD4F11 /* GridTableViewCell.h */ = {isa = PBXFileReference; fileEncoding = 4; lastKnownFileType = sourcecode.c.h; path = GridTableViewCell.h; sourceTree = "<group>"; };
		14BEF663134CAE8800AD4F11 /* GridTableViewCell.m */ = {isa = PBXFileReference; fileEncoding = 4; lastKnownFileType = sourcecode.c.objc; path = GridTableViewCell.m; sourceTree = "<group>"; };
/* End PBXFileReference section */

/* Begin PBXFrameworksBuildPhase section */
		14BEF63B134CAE5200AD4F11 /* Frameworks */ = {
			isa = PBXFrameworksBuildPhase;
			buildActionMask = 2147483647;
			files = (
				14BEF643134CAE5200AD4F11 /* UIKit.framework in Frameworks */,
				14BEF645134CAE5200AD4F11 /* Foundation.framework in Frameworks */,
				14BEF647134CAE5200AD4F11 /* CoreGraphics.framework in Frameworks */,
			);
			runOnlyForDeploymentPostprocessing = 0;
		};
/* End PBXFrameworksBuildPhase section */

/* Begin PBXGroup section */
		14BEF633134CAE5200AD4F11 = {
			isa = PBXGroup;
			children = (
				14BEF648134CAE5200AD4F11 /* Grid */,
				14BEF641134CAE5200AD4F11 /* Frameworks */,
				14BEF63F134CAE5200AD4F11 /* Products */,
			);
			sourceTree = "<group>";
		};
		14BEF63F134CAE5200AD4F11 /* Products */ = {
			isa = PBXGroup;
			children = (
				14BEF63E134CAE5200AD4F11 /* Grid.app */,
			);
			name = Products;
			sourceTree = "<group>";
		};
		14BEF641134CAE5200AD4F11 /* Frameworks */ = {
			isa = PBXGroup;
			children = (
				14BEF642134CAE5200AD4F11 /* UIKit.framework */,
				14BEF644134CAE5200AD4F11 /* Foundation.framework */,
				14BEF646134CAE5200AD4F11 /* CoreGraphics.framework */,
			);
			name = Frameworks;
			sourceTree = "<group>";
		};
		14BEF648134CAE5200AD4F11 /* Grid */ = {
			isa = PBXGroup;
			children = (
				14BEF651134CAE5200AD4F11 /* GridAppDelegate.h */,
				14BEF652134CAE5200AD4F11 /* GridAppDelegate.m */,
				14BEF654134CAE5200AD4F11 /* MainWindow.xib */,
				14BEF657134CAE5200AD4F11 /* RootViewController.h */,
				14BEF658134CAE5200AD4F11 /* RootViewController.m */,
				14BEF65A134CAE5200AD4F11 /* RootViewController.xib */,
				14BEF649134CAE5200AD4F11 /* Supporting Files */,
				14BEF662134CAE8800AD4F11 /* GridTableViewCell.h */,
				14BEF663134CAE8800AD4F11 /* GridTableViewCell.m */,
			);
			path = Grid;
			sourceTree = "<group>";
		};
		14BEF649134CAE5200AD4F11 /* Supporting Files */ = {
			isa = PBXGroup;
			children = (
				14BEF64A134CAE5200AD4F11 /* Grid-Info.plist */,
				14BEF64B134CAE5200AD4F11 /* InfoPlist.strings */,
				14BEF64E134CAE5200AD4F11 /* Grid-Prefix.pch */,
				14BEF64F134CAE5200AD4F11 /* main.m */,
			);
			name = "Supporting Files";
			sourceTree = "<group>";
		};
/* End PBXGroup section */

/* Begin PBXNativeTarget section */
		14BEF63D134CAE5200AD4F11 /* Grid */ = {
			isa = PBXNativeTarget;
			buildConfigurationList = 14BEF65F134CAE5200AD4F11 /* Build configuration list for PBXNativeTarget "Grid" */;
			buildPhases = (
				14BEF63A134CAE5200AD4F11 /* Sources */,
				14BEF63B134CAE5200AD4F11 /* Frameworks */,
				14BEF63C134CAE5200AD4F11 /* Resources */,
			);
			buildRules = (
			);
			dependencies = (
			);
			name = Grid;
			productName = Grid;
			productReference = 14BEF63E134CAE5200AD4F11 /* Grid.app */;
			productType = "com.apple.product-type.application";
		};
/* End PBXNativeTarget section */

/* Begin PBXProject section */
		14BEF635134CAE5200AD4F11 /* Project object */ = {
			isa = PBXProject;
			attributes = {
				ORGANIZATIONNAME = "Sean Casserly";
			};
			buildConfigurationList = 14BEF638134CAE5200AD4F11 /* Build configuration list for PBXProject "Grid" */;
			compatibilityVersion = "Xcode 3.2";
			developmentRegion = English;
			hasScannedForEncodings = 0;
			knownRegions = (
				en,
			);
			mainGroup = 14BEF633134CAE5200AD4F11;
			productRefGroup = 14BEF63F134CAE5200AD4F11 /* Products */;
			projectDirPath = "";
			projectRoot = "";
			targets = (
				14BEF63D134CAE5200AD4F11 /* Grid */,
			);
		};
/* End PBXProject section */

/* Begin PBXResourcesBuildPhase section */
		14BEF63C134CAE5200AD4F11 /* Resources */ = {
			isa = PBXResourcesBuildPhase;
			buildActionMask = 2147483647;
			files = (
				14BEF64D134CAE5200AD4F11 /* InfoPlist.strings in Resources */,
				14BEF656134CAE5200AD4F11 /* MainWindow.xib in Resources */,
				14BEF65C134CAE5200AD4F11 /* RootViewController.xib in Resources */,
			);
			runOnlyForDeploymentPostprocessing = 0;
		};
/* End PBXResourcesBuildPhase section */

/* Begin PBXSourcesBuildPhase section */
		14BEF63A134CAE5200AD4F11 /* Sources */ = {
			isa = PBXSourcesBuildPhase;
			buildActionMask = 2147483647;
			files = (
				14BEF650134CAE5200AD4F11 /* main.m in Sources */,
				14BEF653134CAE5200AD4F11 /* GridAppDelegate.m in Sources */,
				14BEF659134CAE5200AD4F11 /* RootViewController.m in Sources */,
				14BEF664134CAE8800AD4F11 /* GridTableViewCell.m in Sources */,
			);
			runOnlyForDeploymentPostprocessing = 0;
		};
/* End PBXSourcesBuildPhase section */

/* Begin PBXVariantGroup section */
		14BEF64B134CAE5200AD4F11 /* InfoPlist.strings */ = {
			isa = PBXVariantGroup;
			children = (
				14BEF64C134CAE5200AD4F11 /* en */,
			);
			name = InfoPlist.strings;
			sourceTree = "<group>";
		};
		14BEF654134CAE5200AD4F11 /* MainWindow.xib */ = {
			isa = PBXVariantGroup;
			children = (
				14BEF655134CAE5200AD4F11 /* en */,
			);
			name = MainWindow.xib;
			sourceTree = "<group>";
		};
		14BEF65A134CAE5200AD4F11 /* RootViewController.xib */ = {
			isa = PBXVariantGroup;
			children = (
				14BEF65B134CAE5200AD4F11 /* en */,
			);
			name = RootViewController.xib;
			sourceTree = "<group>";
		};
/* End PBXVariantGroup section */

/* Begin XCBuildConfiguration section */
		14BEF65D134CAE5200AD4F11 /* Debug */ = {
			isa = XCBuildConfiguration;
			buildSettings = {
				ARCHS = "$(ARCHS_STANDARD_32_BIT)";
				"CODE_SIGN_IDENTITY[sdk=iphoneos*]" = "iPhone Developer";
				GCC_C_LANGUAGE_STANDARD = gnu99;
				GCC_OPTIMIZATION_LEVEL = 0;
				GCC_PREPROCESSOR_DEFINITIONS = DEBUG;
				GCC_SYMBOLS_PRIVATE_EXTERN = NO;
				GCC_VERSION = com.apple.compilers.llvmgcc42;
				GCC_WARN_ABOUT_RETURN_TYPE = YES;
				GCC_WARN_UNUSED_VARIABLE = YES;
				IPHONEOS_DEPLOYMENT_TARGET = 4.3;
				SDKROOT = iphoneos;
			};
			name = Debug;
		};
		14BEF65E134CAE5200AD4F11 /* Release */ = {
			isa = XCBuildConfiguration;
			buildSettings = {
				ARCHS = "$(ARCHS_STANDARD_32_BIT)";
				"CODE_SIGN_IDENTITY[sdk=iphoneos*]" = "iPhone Developer";
				GCC_C_LANGUAGE_STANDARD = gnu99;
				GCC_VERSION = com.apple.compilers.llvmgcc42;
				GCC_WARN_ABOUT_RETURN_TYPE = YES;
				GCC_WARN_UNUSED_VARIABLE = YES;
				IPHONEOS_DEPLOYMENT_TARGET = 4.3;
				OTHER_CFLAGS = "-DNS_BLOCK_ASSERTIONS=1";
				SDKROOT = iphoneos;
			};
			name = Release;
		};
		14BEF660134CAE5200AD4F11 /* Debug */ = {
			isa = XCBuildConfiguration;
			buildSettings = {
				ALWAYS_SEARCH_USER_PATHS = NO;
				COPY_PHASE_STRIP = NO;
				GCC_DYNAMIC_NO_PIC = NO;
				GCC_PRECOMPILE_PREFIX_HEADER = YES;
				GCC_PREFIX_HEADER = "Grid/Grid-Prefix.pch";
				INFOPLIST_FILE = "Grid/Grid-Info.plist";
				IPHONEOS_DEPLOYMENT_TARGET = 4.0;
				PRODUCT_NAME = "$(TARGET_NAME)";
				TARGETED_DEVICE_FAMILY = 1;
				WRAPPER_EXTENSION = app;
			};
			name = Debug;
		};
		14BEF661134CAE5200AD4F11 /* Release */ = {
			isa = XCBuildConfiguration;
			buildSettings = {
				ALWAYS_SEARCH_USER_PATHS = NO;
				COPY_PHASE_STRIP = YES;
				GCC_PRECOMPILE_PREFIX_HEADER = YES;
				GCC_PREFIX_HEADER = "Grid/Grid-Prefix.pch";
				INFOPLIST_FILE = "Grid/Grid-Info.plist";
				IPHONEOS_DEPLOYMENT_TARGET = 4.0;
				PRODUCT_NAME = "$(TARGET_NAME)";
				TARGETED_DEVICE_FAMILY = 1;
				VALIDATE_PRODUCT = YES;
				WRAPPER_EXTENSION = app;
			};
			name = Release;
		};
/* End XCBuildConfiguration section */

/* Begin XCConfigurationList section */
		14BEF638134CAE5200AD4F11 /* Build configuration list for PBXProject "Grid" */ = {
			isa = XCConfigurationList;
			buildConfigurations = (
				14BEF65D134CAE5200AD4F11 /* Debug */,
				14BEF65E134CAE5200AD4F11 /* Release */,
			);
			defaultConfigurationIsVisible = 0;
			defaultConfigurationName = Release;
		};
		14BEF65F134CAE5200AD4F11 /* Build configuration list for PBXNativeTarget "Grid" */ = {
			isa = XCConfigurationList;
			buildConfigurations = (
				14BEF660134CAE5200AD4F11 /* Debug */,
				14BEF661134CAE5200AD4F11 /* Release */,
			);
			defaultConfigurationIsVisible = 0;
		};
/* End XCConfigurationList section */
	};
	rootObject = 14BEF635134CAE5200AD4F11 /* Project object */;
}
